
Microsoft Visual Studio Solution File, Format Version 12.00
# Visual Studio Version 16
VisualStudioVersion = 16.0.31702.278
MinimumVisualStudioVersion = 10.0.40219.1
Project("{FAE04EC0-301F-11D3-BF4B-00C04F79EFBC}") = "EFCore5WebApp", "EFCore5WebApp.csproj", "{1AAE0D66-AB0F-42EA-A9BE-663EE385E538}"
EndProject
Project("{FAE04EC0-301F-11D3-BF4B-00C04F79EFBC}") = "EFCore5WebApp.Core", "..\EFCore5WebApp.Core\EFCore5WebApp.Core.csproj", "{5E2602E7-114A-49AD-99A6-71FEE7D8E398}"
EndProject
Project("{FAE04EC0-301F-11D3-BF4B-00C04F79EFBC}") = "EFCore5WebApp.Core.Tests", "..\EFCore5WebApp.Core.Tests\EFCore5WebApp.Core.Tests.csproj", "{23507F51-1B0C-4EDF-AA3F-0E40C8FDDA05}"
EndProject
Project("{FAE04EC0-301F-11D3-BF4B-00C04F79EFBC}") = "EFCore5WebApp.DAL", "..\EFCore5WebApp.DAL\EFCore5WebApp.DAL.csproj", "{4FABE4FE-3131-4D26-9EFE-B6393474E8F2}"
EndProject
Project("{FAE04EC0-301F-11D3-BF4B-00C04F79EFBC}") = "EFCore5WebApp.DAL.Tests", "..\EFCore5WebApp.DAL.Tests\EFCore5WebApp.DAL.Tests.csproj", "{BF5649A1-0B0F-4A19-B190-ACD2771A71CE}"
EndProject
Global
	GlobalSection(SolutionConfigurationPlatforms) = preSolution
		Debug|Any CPU = Debug|Any CPU
		Release|Any CPU = Release|Any CPU
	EndGlobalSection
	GlobalSection(ProjectConfigurationPlatforms) = postSolution
		{1AAE0D66-AB0F-42EA-A9BE-663EE385E538}.Debug|Any CPU.ActiveCfg = Debug|Any CPU
		{1AAE0D66-AB0F-42EA-A9BE-663EE385E538}.Debug|Any CPU.Build.0 = Debug|Any CPU
		{1AAE0D66-AB0F-42EA-A9BE-663EE385E538}.Release|Any CPU.ActiveCfg = Release|Any CPU
		{1AAE0D66-AB0F-42EA-A9BE-663EE385E538}.Release|Any CPU.Build.0 = Release|Any CPU
		{5E2602E7-114A-49AD-99A6-71FEE7D8E398}.Debug|Any CPU.ActiveCfg = Debug|Any CPU
		{5E2602E7-114A-49AD-99A6-71FEE7D8E398}.Debug|Any CPU.Build.0 = Debug|Any CPU
		{5E2602E7-114A-49AD-99A6-71FEE7D8E398}.Release|Any CPU.ActiveCfg = Release|Any CPU
		{5E2602E7-114A-49AD-99A6-71FEE7D8E398}.Release|Any CPU.Build.0 = Release|Any CPU
		{23507F51-1B0C-4EDF-AA3F-0E40C8FDDA05}.Debug|Any CPU.ActiveCfg = Debug|Any CPU
		{23507F51-1B0C-4EDF-AA3F-0E40C8FDDA05}.Debug|Any CPU.Build.0 = Debug|Any CPU
		{23507F51-1B0C-4EDF-AA3F-0E40C8FDDA05}.Release|Any CPU.ActiveCfg = Release|Any CPU
		{23507F51-1B0C-4EDF-AA3F-0E40C8FDDA05}.Release|Any CPU.Build.0 = Release|Any CPU
		{4FABE4FE-3131-4D26-9EFE-B6393474E8F2}.Debug|Any CPU.ActiveCfg = Debug|Any CPU
		{4FABE4FE-3131-4D26-9EFE-B6393474E8F2}.Debug|Any CPU.Build.0 = Debug|Any CPU
		{4FABE4FE-3131-4D26-9EFE-B6393474E8F2}.Release|Any CPU.ActiveCfg = Release|Any CPU
		{4FABE4FE-3131-4D26-9EFE-B6393474E8F2}.Release|Any CPU.Build.0 = Release|Any CPU
		{BF5649A1-0B0F-4A19-B190-ACD2771A71CE}.Debug|Any CPU.ActiveCfg = Debug|Any CPU
		{BF5649A1-0B0F-4A19-B190-ACD2771A71CE}.Debug|Any CPU.Build.0 = Debug|Any CPU
		{BF5649A1-0B0F-4A19-B190-ACD2771A71CE}.Release|Any CPU.ActiveCfg = Release|Any CPU
		{BF5649A1-0B0F-4A19-B190-ACD2771A71CE}.Release|Any CPU.Build.0 = Release|Any CPU
	EndGlobalSection
	GlobalSection(SolutionProperties) = preSolution
		HideSolutionNode = FALSE
	EndGlobalSection
	GlobalSection(ExtensibilityGlobals) = postSolution
		SolutionGuid = {897458C5-6447-4535-8F25-5BE683B6FE9C}
	EndGlobalSection
EndGlobal
